<?xml version="1.0" encoding="utf-8"?>
<Project ToolsVersion="4.0" xmlns="http://schemas.microsoft.com/developer/msbuild/2003">
  <ItemGroup>
    <Filter Include="Source Files">
      <UniqueIdentifier>{4FC737F1-C7A5-4376-A066-2A32D752A2FF}</UniqueIdentifier>
      <Extensions>cpp;c;cc;cxx;def;odl;idl;hpj;bat;asm;asmx</Extensions>
    </Filter>
    <Filter Include="Header Files">
      <UniqueIdentifier>{93995380-89BD-4b04-88EB-625FBE52EBFB}</UniqueIdentifier>
      <Extensions>h;hpp;hxx;hm;inl;inc;xsd</Extensions>
    </Filter>
    <Filter Include="Resource Files">
      <UniqueIdentifier>{67DA6AB6-F800-4c08-8B7A-83BB121AAD01}</UniqueIdentifier>
      <Extensions>rc;ico;cur;bmp;dlg;rc2;rct;bin;rgs;gif;jpg;jpeg;jpe;resx;tiff;tif;png;wav;mfcribbon-ms</Extensions>
    </Filter>
    <Filter Include="Header Files\RapidXML">
      <UniqueIdentifier>{b6dd1553-7221-4d82-b2c1-3a28012f9472}</UniqueIdentifier>
    </Filter>
  </ItemGroup>
  <ItemGroup>
    <ClInclude Include="TF.h">
      <Filter>Header Files</Filter>
    </ClInclude>
    <ClInclude Include="Toast.h">
      <Filter>Header Files</Filter>
    </ClInclude>
    <ClInclude Include="ToastAnim.h">
      <Filter>Header Files</Filter>
    </ClInclude>
    <ClInclude Include="ToastCanvas.h">
      <Filter>Header Files</Filter>
    </ClInclude>
    <ClInclude Include="ToastCommon.h">
      <Filter>Header Files</Filter>
    </ClInclude>
    <ClInclude Include="ToastConsole.h">
      <Filter>Header Files</Filter>
    </ClInclude>
    <ClInclude Include="ToastEngine.h">
      <Filter>Header Files</Filter>
    </ClInclude>
    <ClInclude Include="ToastEntity.h">
      <Filter>Header Files</Filter>
    </ClInclude>
    <ClInclude Include="ToastError.h">
      <Filter>Header Files</Filter>
    </ClInclude>
    <ClInclude Include="ToastEventsManager.h">
      <Filter>Header Files</Filter>
    </ClInclude>
    <ClInclude Include="ToastFont.h">
      <Filter>Header Files</Filter>
    </ClInclude>
    <ClInclude Include="ToastGraphic.h">
      <Filter>Header Files</Filter>
    </ClInclude>
    <ClInclude Include="ToastGraphics.h">
      <Filter>Header Files</Filter>
    </ClInclude>
    <ClInclude Include="ToastImage.h">
      <Filter>Header Files</Filter>
    </ClInclude>
    <ClInclude Include="ToastInput.h">
      <Filter>Header Files</Filter>
    </ClInclude>
    <ClInclude Include="ToastKeycodes.h">
      <Filter>Header Files</Filter>
    </ClInclude>
    <ClInclude Include="ToastMask.h">
      <Filter>Header Files</Filter>
    </ClInclude>
    <ClInclude Include="ToastRandom.h">
      <Filter>Header Files</Filter>
    </ClInclude>
    <ClInclude Include="ToastSprite.h">
      <Filter>Header Files</Filter>
    </ClInclude>
    <ClInclude Include="ToastSpritemap.h">
      <Filter>Header Files</Filter>
    </ClInclude>
    <ClInclude Include="ToastSpriteSheet.h">
      <Filter>Header Files</Filter>
    </ClInclude>
    <ClInclude Include="ToastText.h">
      <Filter>Header Files</Filter>
    </ClInclude>
    <ClInclude Include="ToastTexture.h">
      <Filter>Header Files</Filter>
    </ClInclude>
    <ClInclude Include="ToastTilemap.h">
      <Filter>Header Files</Filter>
    </ClInclude>
    <ClInclude Include="ToastTypes.h">
      <Filter>Header Files</Filter>
    </ClInclude>
    <ClInclude Include="ToastWorld.h">
      <Filter>Header Files</Filter>
    </ClInclude>
    <ClInclude Include="rapidxml-1.13\rapidxml.hpp">
      <Filter>Header Files\RapidXML</Filter>
    </ClInclude>
    <ClInclude Include="rapidxml-1.13\rapidxml_iterators.hpp">
      <Filter>Header Files\RapidXML</Filter>
    </ClInclude>
    <ClInclude Include="rapidxml-1.13\rapidxml_print.hpp">
      <Filter>Header Files\RapidXML</Filter>
    </ClInclude>
    <ClInclude Include="rapidxml-1.13\rapidxml_utils.hpp">
      <Filter>Header Files\RapidXML</Filter>
    </ClInclude>
    <ClInclude Include="ToastHitbox.h">
      <Filter>Header Files</Filter>
    </ClInclude>
    <ClInclude Include="ToastGrid.h">
      <Filter>Header Files</Filter>
    </ClInclude>
  </ItemGroup>
  <ItemGroup>
    <ClCompile Include="TF.cpp">
      <Filter>Source Files</Filter>
    </ClCompile>
    <ClCompile Include="ToastAnim.cpp">
      <Filter>Source Files</Filter>
    </ClCompile>
    <ClCompile Include="ToastCanvas.cpp">
      <Filter>Source Files</Filter>
    </ClCompile>
    <ClCompile Include="ToastConsole.cpp">
      <Filter>Source Files</Filter>
    </ClCompile>
    <ClCompile Include="ToastEngine.cpp">
      <Filter>Source Files</Filter>
    </ClCompile>
    <ClCompile Include="ToastEntity.cpp">
      <Filter>Source Files</Filter>
    </ClCompile>
    <ClCompile Include="ToastEventsManager.cpp">
      <Filter>Source Files</Filter>
    </ClCompile>
    <ClCompile Include="ToastFont.cpp">
      <Filter>Source Files</Filter>
    </ClCompile>
    <ClCompile Include="ToastGraphic.cpp">
      <Filter>Source Files</Filter>
    </ClCompile>
    <ClCompile Include="ToastGraphics.cpp">
      <Filter>Source Files</Filter>
    </ClCompile>
    <ClCompile Include="ToastImage.cpp">
      <Filter>Source Files</Filter>
    </ClCompile>
    <ClCompile Include="ToastInput.cpp">
      <Filter>Source Files</Filter>
    </ClCompile>
    <ClCompile Include="ToastRandom.cpp">
      <Filter>Source Files</Filter>
    </ClCompile>
    <ClCompile Include="ToastSprite.cpp">
      <Filter>Source Files</Filter>
    </ClCompile>
    <ClCompile Include="ToastSpritemap.cpp">
      <Filter>Source Files</Filter>
    </ClCompile>
    <ClCompile Include="ToastSpriteSheet.cpp">
      <Filter>Source Files</Filter>
    </ClCompile>
    <ClCompile Include="ToastText.cpp">
      <Filter>Source Files</Filter>
    </ClCompile>
    <ClCompile Include="ToastTexture.cpp">
      <Filter>Source Files</Filter>
    </ClCompile>
    <ClCompile Include="ToastTilemap.cpp">
      <Filter>Source Files</Filter>
    </ClCompile>
    <ClCompile Include="ToastWorld.cpp">
      <Filter>Source Files</Filter>
    </ClCompile>
    <ClCompile Include="ToastMask.cpp">
      <Filter>Source Files</Filter>
    </ClCompile>
    <ClCompile Include="ToastHitbox.cpp">
      <Filter>Source Files</Filter>
    </ClCompile>
    <ClCompile Include="ToastGrid.cpp">
      <Filter>Source Files</Filter>
    </ClCompile>
  </ItemGroup>
</Project>